
Microsoft Visual Studio Solution File, Format Version 12.00
# Visual Studio Version 16
VisualStudioVersion = 16.0.30611.23
MinimumVisualStudioVersion = 10.0.40219.1
Project("{FAE04EC0-301F-11D3-BF4B-00C04F79EFBC}") = "TextToSpeechService", "TextToSpeechService.csproj", "{B7F12CBC-8524-4FB5-8717-A6D358415F96}"
EndProject
Global
	GlobalSection(SolutionConfigurationPlatforms) = preSolution
		Debug|Any CPU = Debug|Any CPU
		Release|Any CPU = Release|Any CPU
	EndGlobalSection
	GlobalSection(ProjectConfigurationPlatforms) = postSolution
		{B7F12CBC-8524-4FB5-8717-A6D358415F96}.Debug|Any CPU.ActiveCfg = Debug|Any CPU
		{B7F12CBC-8524-4FB5-8717-A6D358415F96}.Debug|Any CPU.Build.0 = Debug|Any CPU
		{B7F12CBC-8524-4FB5-8717-A6D358415F96}.Release|Any CPU.ActiveCfg = Release|Any CPU
		{B7F12CBC-8524-4FB5-8717-A6D358415F96}.Release|Any CPU.Build.0 = Release|Any CPU
	EndGlobalSection
	GlobalSection(SolutionProperties) = preSolution
		HideSolutionNode = FALSE
	EndGlobalSection
	GlobalSection(ExtensibilityGlobals) = postSolution
		SolutionGuid = {CDB6B2B3-C016-4190-83E0-0BD266331553}
	EndGlobalSection
EndGlobal
